
Microsoft Visual Studio Solution File, Format Version 12.00
# Visual Studio Version 16
VisualStudioVersion = 16.0.31624.102
MinimumVisualStudioVersion = 10.0.40219.1
Project("{FAE04EC0-301F-11D3-BF4B-00C04F79EFBC}") = "FourPillars", "FourPillars\FourPillars.csproj", "{775704C7-E246-44F5-9B37-D264019898D7}"
EndProject
Project("{FAE04EC0-301F-11D3-BF4B-00C04F79EFBC}") = "FourPillars.Data", "Training.Data\FourPillars.Data.csproj", "{5ED6ECDC-B1A4-40D9-8742-A7270392F619}"
EndProject
Global
	GlobalSection(SolutionConfigurationPlatforms) = preSolution
		Debug|Any CPU = Debug|Any CPU
		Release|Any CPU = Release|Any CPU
	EndGlobalSection
	GlobalSection(ProjectConfigurationPlatforms) = postSolution
		{775704C7-E246-44F5-9B37-D264019898D7}.Debug|Any CPU.ActiveCfg = Debug|Any CPU
		{775704C7-E246-44F5-9B37-D264019898D7}.Debug|Any CPU.Build.0 = Debug|Any CPU
		{775704C7-E246-44F5-9B37-D264019898D7}.Release|Any CPU.ActiveCfg = Release|Any CPU
		{775704C7-E246-44F5-9B37-D264019898D7}.Release|Any CPU.Build.0 = Release|Any CPU
		{5ED6ECDC-B1A4-40D9-8742-A7270392F619}.Debug|Any CPU.ActiveCfg = Debug|Any CPU
		{5ED6ECDC-B1A4-40D9-8742-A7270392F619}.Debug|Any CPU.Build.0 = Debug|Any CPU
		{5ED6ECDC-B1A4-40D9-8742-A7270392F619}.Release|Any CPU.ActiveCfg = Release|Any CPU
		{5ED6ECDC-B1A4-40D9-8742-A7270392F619}.Release|Any CPU.Build.0 = Release|Any CPU
	EndGlobalSection
	GlobalSection(SolutionProperties) = preSolution
		HideSolutionNode = FALSE
	EndGlobalSection
	GlobalSection(ExtensibilityGlobals) = postSolution
		SolutionGuid = {4274D461-2E74-4D68-A954-9BE6C8A998E9}
	EndGlobalSection
EndGlobal
